Microsoft Visual Studio Solution File, Format Version 12.00
# Visual Studio Version 18
VisualStudioVersion = 18.0.11222.15 d18.0
MinimumVisualStudioVersion = 10.0.40219.1
Project("{2150E333-8FDC-42A3-9474-1A3956D46DE8}") = "Tests", "Tests", "{0BD5A3FB-191B-43C6-A983-C9663BCFAF31}"
EndProject
Project("{9A19103F-16F7-4668-BE54-9A1E7A4F7556}") = "Dfe.Complete.Api", "src\Api\Dfe.Complete.Api\Dfe.Complete.Api.csproj", "{73E78F4A-9044-4D65-A759-9DD807023173}"
EndProject
Project("{9A19103F-16F7-4668-BE54-9A1E7A4F7556}") = "Dfe.Complete.Api.Client", "src\Api\Dfe.Complete.Api.Client\Dfe.Complete.Api.Client.csproj", "{BDF158E6-B155-4DA2-BB64-8FE189E3D799}"
EndProject
Project("{9A19103F-16F7-4668-BE54-9A1E7A4F7556}") = "Dfe.Complete.Application", "src\Core\Dfe.Complete.Application\Dfe.Complete.Application.csproj", "{E0680611-5014-4E61-B4E6-02E4B5FDD8C2}"
EndProject
Project("{9A19103F-16F7-4668-BE54-9A1E7A4F7556}") = "Dfe.Complete.Domain", "src\Core\Dfe.Complete.Domain\Dfe.Complete.Domain.csproj", "{EBC913B1-0E7F-4699-8A66-974C2178026F}"
EndProject
Project("{9A19103F-16F7-4668-BE54-9A1E7A4F7556}") = "Dfe.Complete.Infrastructure", "src\Core\Dfe.Complete.Infrastructure\Dfe.Complete.Infrastructure.csproj", "{019A1601-D970-4CDE-A33F-F2E1416AB705}"
EndProject
Project("{9A19103F-16F7-4668-BE54-9A1E7A4F7556}") = "Dfe.Complete.Utils", "src\Core\Dfe.Complete.Utils\Dfe.Complete.Utils.csproj", "{B3336B47-A5D4-4894-A121-8C78C6A46F25}"
EndProject
Project("{9A19103F-16F7-4668-BE54-9A1E7A4F7556}") = "Dfe.Complete.Api.Tests.Integration", "src\Tests\Dfe.Complete.Api.Tests.Integration\Dfe.Complete.Api.Tests.Integration.csproj", "{62AABBB9-73D4-43BB-ACFD-367DDFE27E6C}"
EndProject
Project("{9A19103F-16F7-4668-BE54-9A1E7A4F7556}") = "Dfe.Complete.Application.Tests", "src\Tests\Dfe.Complete.Application.Tests\Dfe.Complete.Application.Tests.csproj", "{EBD53896-11C7-4C3E-BDB2-08C7F41937F7}"
EndProject
Project("{9A19103F-16F7-4668-BE54-9A1E7A4F7556}") = "Dfe.Complete.Domain.Tests", "src\Tests\Dfe.Complete.Domain.Tests\Dfe.Complete.Domain.Tests.csproj", "{24013A30-D950-4025-B1F1-B8A7AC23DE6F}"
EndProject
Project("{9A19103F-16F7-4668-BE54-9A1E7A4F7556}") = "Dfe.Complete.Tests.Common", "src\Tests\Dfe.Complete.Tests.Common\Dfe.Complete.Tests.Common.csproj", "{8380EFBB-A438-4044-B610-3B786E4BE6E9}"
EndProject
Project("{9A19103F-16F7-4668-BE54-9A1E7A4F7556}") = "Dfe.Complete", "src\Frontend\Dfe.Complete\Dfe.Complete.csproj", "{EC0D7174-DF66-4CA7-A3E5-341C6DAEEC7C}"
EndProject
Project("{9A19103F-16F7-4668-BE54-9A1E7A4F7556}") = "Dfe.Complete.Logging", "src\Frontend\Dfe.Complete.Logging\Dfe.Complete.Logging.csproj", "{3EBC20D3-026C-44E6-AD3C-97EAF8C21F33}"
EndProject
Project("{9A19103F-16F7-4668-BE54-9A1E7A4F7556}") = "Dfe.Complete.UserContext", "src\Frontend\Dfe.Complete.UserContext\Dfe.Complete.UserContext.csproj", "{B490B9BB-56AC-46A4-ABFA-EC926C4081DD}"
EndProject
Project("{9A19103F-16F7-4668-BE54-9A1E7A4F7556}") = "Dfe.Complete.UserContext.Tests", "src\Tests\Dfe.Complete.UserContext.Tests\Dfe.Complete.UserContext.Tests.csproj", "{24BC9905-FCE2-45B8-83F1-BDD56C1105FD}"
EndProject
Project("{2150E333-8FDC-42A3-9474-1A3956D46DE8}") = "Api", "Api", "{3F3F6A50-0E28-4E87-B70D-C63C2A33B485}"
EndProject
Project("{2150E333-8FDC-42A3-9474-1A3956D46DE8}") = "Frontend", "Frontend", "{46FF0EE8-A787-493C-9C64-823A3D392CA1}"
EndProject
Project("{2150E333-8FDC-42A3-9474-1A3956D46DE8}") = "Core", "Core", "{C9375D92-AB24-40AF-B3E3-1578E9FEA2B0}"
EndProject
Project("{9A19103F-16F7-4668-BE54-9A1E7A4F7556}") = "Dfe.Complete.Tests", "src\Tests\Dfe.Complete.Tests\Dfe.Complete.Tests.csproj", "{A85ECAED-EAF7-458F-A3A7-11A30AE871D0}"
EndProject
Project("{E53339B2-1760-4266-BCC7-CA923CBCF16C}") = "docker-compose", "docker-compose.dcproj", "{81DDED9D-158B-E303-5F62-77A2896D2A5A}"
EndProject
Global
	GlobalSection(SolutionConfigurationPlatforms) = preSolution
		Debug|Any CPU = Debug|Any CPU
		Release|Any CPU = Release|Any CPU
	EndGlobalSection
	GlobalSection(ProjectConfigurationPlatforms) = postSolution
		{73E78F4A-9044-4D65-A759-9DD807023173}.Debug|Any CPU.ActiveCfg = Debug|Any CPU
		{73E78F4A-9044-4D65-A759-9DD807023173}.Debug|Any CPU.Build.0 = Debug|Any CPU
		{73E78F4A-9044-4D65-A759-9DD807023173}.Release|Any CPU.ActiveCfg = Release|Any CPU
		{73E78F4A-9044-4D65-A759-9DD807023173}.Release|Any CPU.Build.0 = Release|Any CPU
		{BDF158E6-B155-4DA2-BB64-8FE189E3D799}.Debug|Any CPU.ActiveCfg = Debug|Any CPU
		{BDF158E6-B155-4DA2-BB64-8FE189E3D799}.Debug|Any CPU.Build.0 = Debug|Any CPU
		{BDF158E6-B155-4DA2-BB64-8FE189E3D799}.Release|Any CPU.ActiveCfg = Release|Any CPU
		{BDF158E6-B155-4DA2-BB64-8FE189E3D799}.Release|Any CPU.Build.0 = Release|Any CPU
		{E0680611-5014-4E61-B4E6-02E4B5FDD8C2}.Debug|Any CPU.ActiveCfg = Debug|Any CPU
		{E0680611-5014-4E61-B4E6-02E4B5FDD8C2}.Debug|Any CPU.Build.0 = Debug|Any CPU
		{E0680611-5014-4E61-B4E6-02E4B5FDD8C2}.Release|Any CPU.ActiveCfg = Release|Any CPU
		{E0680611-5014-4E61-B4E6-02E4B5FDD8C2}.Release|Any CPU.Build.0 = Release|Any CPU
		{EBC913B1-0E7F-4699-8A66-974C2178026F}.Debug|Any CPU.ActiveCfg = Debug|Any CPU
		{EBC913B1-0E7F-4699-8A66-974C2178026F}.Debug|Any CPU.Build.0 = Debug|Any CPU
		{EBC913B1-0E7F-4699-8A66-974C2178026F}.Release|Any CPU.ActiveCfg = Release|Any CPU
		{EBC913B1-0E7F-4699-8A66-974C2178026F}.Release|Any CPU.Build.0 = Release|Any CPU
		{019A1601-D970-4CDE-A33F-F2E1416AB705}.Debug|Any CPU.ActiveCfg = Debug|Any CPU
		{019A1601-D970-4CDE-A33F-F2E1416AB705}.Debug|Any CPU.Build.0 = Debug|Any CPU
		{019A1601-D970-4CDE-A33F-F2E1416AB705}.Release|Any CPU.ActiveCfg = Release|Any CPU
		{019A1601-D970-4CDE-A33F-F2E1416AB705}.Release|Any CPU.Build.0 = Release|Any CPU
		{B3336B47-A5D4-4894-A121-8C78C6A46F25}.Debug|Any CPU.ActiveCfg = Debug|Any CPU
		{B3336B47-A5D4-4894-A121-8C78C6A46F25}.Debug|Any CPU.Build.0 = Debug|Any CPU
		{B3336B47-A5D4-4894-A121-8C78C6A46F25}.Release|Any CPU.ActiveCfg = Release|Any CPU
		{B3336B47-A5D4-4894-A121-8C78C6A46F25}.Release|Any CPU.Build.0 = Release|Any CPU
		{62AABBB9-73D4-43BB-ACFD-367DDFE27E6C}.Debug|Any CPU.ActiveCfg = Debug|Any CPU
		{62AABBB9-73D4-43BB-ACFD-367DDFE27E6C}.Debug|Any CPU.Build.0 = Debug|Any CPU
		{62AABBB9-73D4-43BB-ACFD-367DDFE27E6C}.Release|Any CPU.ActiveCfg = Release|Any CPU
		{62AABBB9-73D4-43BB-ACFD-367DDFE27E6C}.Release|Any CPU.Build.0 = Release|Any CPU
		{EBD53896-11C7-4C3E-BDB2-08C7F41937F7}.Debug|Any CPU.ActiveCfg = Debug|Any CPU
		{EBD53896-11C7-4C3E-BDB2-08C7F41937F7}.Debug|Any CPU.Build.0 = Debug|Any CPU
		{EBD53896-11C7-4C3E-BDB2-08C7F41937F7}.Release|Any CPU.ActiveCfg = Release|Any CPU
		{EBD53896-11C7-4C3E-BDB2-08C7F41937F7}.Release|Any CPU.Build.0 = Release|Any CPU
		{24013A30-D950-4025-B1F1-B8A7AC23DE6F}.Debug|Any CPU.ActiveCfg = Debug|Any CPU
		{24013A30-D950-4025-B1F1-B8A7AC23DE6F}.Debug|Any CPU.Build.0 = Debug|Any CPU
		{24013A30-D950-4025-B1F1-B8A7AC23DE6F}.Release|Any CPU.ActiveCfg = Release|Any CPU
		{24013A30-D950-4025-B1F1-B8A7AC23DE6F}.Release|Any CPU.Build.0 = Release|Any CPU
		{8380EFBB-A438-4044-B610-3B786E4BE6E9}.Debug|Any CPU.ActiveCfg = Debug|Any CPU
		{8380EFBB-A438-4044-B610-3B786E4BE6E9}.Debug|Any CPU.Build.0 = Debug|Any CPU
		{8380EFBB-A438-4044-B610-3B786E4BE6E9}.Release|Any CPU.ActiveCfg = Release|Any CPU
		{8380EFBB-A438-4044-B610-3B786E4BE6E9}.Release|Any CPU.Build.0 = Release|Any CPU
		{EC0D7174-DF66-4CA7-A3E5-341C6DAEEC7C}.Debug|Any CPU.ActiveCfg = Debug|Any CPU
		{EC0D7174-DF66-4CA7-A3E5-341C6DAEEC7C}.Debug|Any CPU.Build.0 = Debug|Any CPU
		{EC0D7174-DF66-4CA7-A3E5-341C6DAEEC7C}.Release|Any CPU.ActiveCfg = Release|Any CPU
		{EC0D7174-DF66-4CA7-A3E5-341C6DAEEC7C}.Release|Any CPU.Build.0 = Release|Any CPU
		{3EBC20D3-026C-44E6-AD3C-97EAF8C21F33}.Debug|Any CPU.ActiveCfg = Debug|Any CPU
		{3EBC20D3-026C-44E6-AD3C-97EAF8C21F33}.Debug|Any CPU.Build.0 = Debug|Any CPU
		{3EBC20D3-026C-44E6-AD3C-97EAF8C21F33}.Release|Any CPU.ActiveCfg = Release|Any CPU
		{3EBC20D3-026C-44E6-AD3C-97EAF8C21F33}.Release|Any CPU.Build.0 = Release|Any CPU
		{B490B9BB-56AC-46A4-ABFA-EC926C4081DD}.Debug|Any CPU.ActiveCfg = Debug|Any CPU
		{B490B9BB-56AC-46A4-ABFA-EC926C4081DD}.Debug|Any CPU.Build.0 = Debug|Any CPU
		{B490B9BB-56AC-46A4-ABFA-EC926C4081DD}.Release|Any CPU.ActiveCfg = Release|Any CPU
		{B490B9BB-56AC-46A4-ABFA-EC926C4081DD}.Release|Any CPU.Build.0 = Release|Any CPU
		{24BC9905-FCE2-45B8-83F1-BDD56C1105FD}.Debug|Any CPU.ActiveCfg = Debug|Any CPU
		{24BC9905-FCE2-45B8-83F1-BDD56C1105FD}.Debug|Any CPU.Build.0 = Debug|Any CPU
		{24BC9905-FCE2-45B8-83F1-BDD56C1105FD}.Release|Any CPU.ActiveCfg = Release|Any CPU
		{24BC9905-FCE2-45B8-83F1-BDD56C1105FD}.Release|Any CPU.Build.0 = Release|Any CPU
		{A85ECAED-EAF7-458F-A3A7-11A30AE871D0}.Debug|Any CPU.ActiveCfg = Debug|Any CPU
		{A85ECAED-EAF7-458F-A3A7-11A30AE871D0}.Debug|Any CPU.Build.0 = Debug|Any CPU
		{A85ECAED-EAF7-458F-A3A7-11A30AE871D0}.Release|Any CPU.ActiveCfg = Release|Any CPU
		{A85ECAED-EAF7-458F-A3A7-11A30AE871D0}.Release|Any CPU.Build.0 = Release|Any CPU
		{81DDED9D-158B-E303-5F62-77A2896D2A5A}.Debug|Any CPU.ActiveCfg = Debug|Any CPU
		{81DDED9D-158B-E303-5F62-77A2896D2A5A}.Debug|Any CPU.Build.0 = Debug|Any CPU
		{81DDED9D-158B-E303-5F62-77A2896D2A5A}.Release|Any CPU.ActiveCfg = Release|Any CPU
		{81DDED9D-158B-E303-5F62-77A2896D2A5A}.Release|Any CPU.Build.0 = Release|Any CPU
	EndGlobalSection
	GlobalSection(SolutionProperties) = preSolution
		HideSolutionNode = FALSE
	EndGlobalSection
	GlobalSection(NestedProjects) = preSolution
		{73E78F4A-9044-4D65-A759-9DD807023173} = {3F3F6A50-0E28-4E87-B70D-C63C2A33B485}
		{BDF158E6-B155-4DA2-BB64-8FE189E3D799} = {3F3F6A50-0E28-4E87-B70D-C63C2A33B485}
		{E0680611-5014-4E61-B4E6-02E4B5FDD8C2} = {C9375D92-AB24-40AF-B3E3-1578E9FEA2B0}
		{EBC913B1-0E7F-4699-8A66-974C2178026F} = {C9375D92-AB24-40AF-B3E3-1578E9FEA2B0}
		{019A1601-D970-4CDE-A33F-F2E1416AB705} = {C9375D92-AB24-40AF-B3E3-1578E9FEA2B0}
		{B3336B47-A5D4-4894-A121-8C78C6A46F25} = {C9375D92-AB24-40AF-B3E3-1578E9FEA2B0}
		{62AABBB9-73D4-43BB-ACFD-367DDFE27E6C} = {0BD5A3FB-191B-43C6-A983-C9663BCFAF31}
		{EBD53896-11C7-4C3E-BDB2-08C7F41937F7} = {0BD5A3FB-191B-43C6-A983-C9663BCFAF31}
		{24013A30-D950-4025-B1F1-B8A7AC23DE6F} = {0BD5A3FB-191B-43C6-A983-C9663BCFAF31}
		{8380EFBB-A438-4044-B610-3B786E4BE6E9} = {0BD5A3FB-191B-43C6-A983-C9663BCFAF31}
		{EC0D7174-DF66-4CA7-A3E5-341C6DAEEC7C} = {46FF0EE8-A787-493C-9C64-823A3D392CA1}
		{3EBC20D3-026C-44E6-AD3C-97EAF8C21F33} = {46FF0EE8-A787-493C-9C64-823A3D392CA1}
		{B490B9BB-56AC-46A4-ABFA-EC926C4081DD} = {46FF0EE8-A787-493C-9C64-823A3D392CA1}
		{24BC9905-FCE2-45B8-83F1-BDD56C1105FD} = {0BD5A3FB-191B-43C6-A983-C9663BCFAF31}
		{A85ECAED-EAF7-458F-A3A7-11A30AE871D0} = {0BD5A3FB-191B-43C6-A983-C9663BCFAF31}
	EndGlobalSection
	GlobalSection(ExtensibilityGlobals) = postSolution
		SolutionGuid = {B4C4F019-D87A-4303-8802-0FD892EFE991}
	EndGlobalSection
EndGlobal
